{
	"name": "weglot",
	"version": "2.0.0",
	"lockfileVersion": 3,
	"requires": true,
	"packages": {
		"": {
			"name": "weglot",
			"version": "2.0.0",
			"license": "MIT",
			"dependencies": {
				"@weglot/languages": "^1.78.1"
			}
		},
		"node_modules/@weglot/languages": {
			"version": "1.78.1",
			"resolved": "https://npm.pkg.github.com/download/@weglot/languages/1.78.1/42db3aa1531a48f6c007ed7cfdb7f3db87049bde",
			"integrity": "sha512-jHzdCuY94N3CNXyyE59B1wwXMc1dLNw8uJtT6xK0X2lYy14Tn0WS27QFj2Gsrkt65lrTzGydC30SSxfHUwTD6w==",
			"license": "UNLICENSED"
		}
	}
}
